// !$*UTF8*$!
{
	archiveVersion = 1;
	classes = {
	};
	objectVersion = 46;
	objects = {

/* Begin PBXBuildFile section */
		414EEF401B3C5B1500F0A145 /* AppDelegate.swift in Sources */ = {isa = PBXBuildFile; fileRef = 414EEF3F1B3C5B1500F0A145 /* AppDelegate.swift */; };
		414EEF431B3C5B1500F0A145 /* NISDate.xcdatamodeld in Sources */ = {isa = PBXBuildFile; fileRef = 414EEF411B3C5B1500F0A145 /* NISDate.xcdatamodeld */; };
		414EEF451B3C5B1500F0A145 /* ViewController.swift in Sources */ = {isa = PBXBuildFile; fileRef = 414EEF441B3C5B1500F0A145 /* ViewController.swift */; };
		414EEF481B3C5B1500F0A145 /* Main.storyboard in Resources */ = {isa = PBXBuildFile; fileRef = 414EEF461B3C5B1500F0A145 /* Main.storyboard */; };
		414EEF4A1B3C5B1500F0A145 /* Images.xcassets in Resources */ = {isa = PBXBuildFile; fileRef = 414EEF491B3C5B1500F0A145 /* Images.xcassets */; };
		414EEF4D1B3C5B1500F0A145 /* LaunchScreen.xib in Resources */ = {isa = PBXBuildFile; fileRef = 414EEF4B1B3C5B1500F0A145 /* LaunchScreen.xib */; };
		414EEF591B3C5B1500F0A145 /* NISDateTests.swift in Sources */ = {isa = PBXBuildFile; fileRef = 414EEF581B3C5B1500F0A145 /* NISDateTests.swift */; };
		414EEF641B3C5C5200F0A145 /* CardView.swift in Sources */ = {isa = PBXBuildFile; fileRef = 414EEF631B3C5C5200F0A145 /* CardView.swift */; };
/* End PBXBuildFile section */

/* Begin PBXContainerItemProxy section */
		414EEF531B3C5B1500F0A145 /* PBXContainerItemProxy */ = {
			isa = PBXContainerItemProxy;
			containerPortal = 414EEF321B3C5B1500F0A145 /* Project object */;
			proxyType = 1;
			remoteGlobalIDString = 414EEF391B3C5B1500F0A145;
			remoteInfo = NISDate;
		};
/* End PBXContainerItemProxy section */

/* Begin PBXFileReference section */
		414EEF3A1B3C5B1500F0A145 /* NISDate.app */ = {isa = PBXFileReference; explicitFileType = wrapper.application; includeInIndex = 0; path = NISDate.app; sourceTree = BUILT_PRODUCTS_DIR; };
		414EEF3E1B3C5B1500F0A145 /* Info.plist */ = {isa = PBXFileReference; lastKnownFileType = text.plist.xml; path = Info.plist; sourceTree = "<group>"; };
		414EEF3F1B3C5B1500F0A145 /* AppDelegate.swift */ = {isa = PBXFileReference; lastKnownFileType = sourcecode.swift; path = AppDelegate.swift; sourceTree = "<group>"; };
		414EEF421B3C5B1500F0A145 /* NISDate.xcdatamodel */ = {isa = PBXFileReference; lastKnownFileType = wrapper.xcdatamodel; path = NISDate.xcdatamodel; sourceTree = "<group>"; };
		414EEF441B3C5B1500F0A145 /* ViewController.swift */ = {isa = PBXFileReference; lastKnownFileType = sourcecode.swift; path = ViewController.swift; sourceTree = "<group>"; };
		414EEF471B3C5B1500F0A145 /* Base */ = {isa = PBXFileReference; lastKnownFileType = file.storyboard; name = Base; path = Base.lproj/Main.storyboard; sourceTree = "<group>"; };
		414EEF491B3C5B1500F0A145 /* Images.xcassets */ = {isa = PBXFileReference; lastKnownFileType = folder.assetcatalog; path = Images.xcassets; sourceTree = "<group>"; };
		414EEF4C1B3C5B1500F0A145 /* Base */ = {isa = PBXFileReference; lastKnownFileType = file.xib; name = Base; path = Base.lproj/LaunchScreen.xib; sourceTree = "<group>"; };
		414EEF521B3C5B1500F0A145 /* NISDateTests.xctest */ = {isa = PBXFileReference; explicitFileType = wrapper.cfbundle; includeInIndex = 0; path = NISDateTests.xctest; sourceTree = BUILT_PRODUCTS_DIR; };
		414EEF571B3C5B1500F0A145 /* Info.plist */ = {isa = PBXFileReference; lastKnownFileType = text.plist.xml; path = Info.plist; sourceTree = "<group>"; };
		414EEF581B3C5B1500F0A145 /* NISDateTests.swift */ = {isa = PBXFileReference; lastKnownFileType = sourcecode.swift; path = NISDateTests.swift; sourceTree = "<group>"; };
		414EEF631B3C5C5200F0A145 /* CardView.swift */ = {isa = PBXFileReference; fileEncoding = 4; lastKnownFileType = sourcecode.swift; path = CardView.swift; sourceTree = "<group>"; };
/* End PBXFileReference section */

/* Begin PBXFrameworksBuildPhase section */
		414EEF371B3C5B1500F0A145 /* Frameworks */ = {
			isa = PBXFrameworksBuildPhase;
			buildActionMask = 2147483647;
			files = (
			);
			runOnlyForDeploymentPostprocessing = 0;
		};
		414EEF4F1B3C5B1500F0A145 /* Frameworks */ = {
			isa = PBXFrameworksBuildPhase;
			buildActionMask = 2147483647;
			files = (
			);
			runOnlyForDeploymentPostprocessing = 0;
		};
/* End PBXFrameworksBuildPhase section */

/* Begin PBXGroup section */
		414EEF311B3C5B1500F0A145 = {
			isa = PBXGroup;
			children = (
				414EEF3C1B3C5B1500F0A145 /* NISDate */,
				414EEF551B3C5B1500F0A145 /* NISDateTests */,
				414EEF3B1B3C5B1500F0A145 /* Products */,
			);
			sourceTree = "<group>";
		};
		414EEF3B1B3C5B1500F0A145 /* Products */ = {
			isa = PBXGroup;
			children = (
				414EEF3A1B3C5B1500F0A145 /* NISDate.app */,
				414EEF521B3C5B1500F0A145 /* NISDateTests.xctest */,
			);
			name = Products;
			sourceTree = "<group>";
		};
		414EEF3C1B3C5B1500F0A145 /* NISDate */ = {
			isa = PBXGroup;
			children = (
				414EEF621B3C5C2300F0A145 /* Views */,
				414EEF3F1B3C5B1500F0A145 /* AppDelegate.swift */,
				414EEF441B3C5B1500F0A145 /* ViewController.swift */,
				414EEF461B3C5B1500F0A145 /* Main.storyboard */,
				414EEF491B3C5B1500F0A145 /* Images.xcassets */,
				414EEF4B1B3C5B1500F0A145 /* LaunchScreen.xib */,
				414EEF411B3C5B1500F0A145 /* NISDate.xcdatamodeld */,
				414EEF3D1B3C5B1500F0A145 /* Supporting Files */,
			);
			path = NISDate;
			sourceTree = "<group>";
		};
		414EEF3D1B3C5B1500F0A145 /* Supporting Files */ = {
			isa = PBXGroup;
			children = (
				414EEF3E1B3C5B1500F0A145 /* Info.plist */,
			);
			name = "Supporting Files";
			sourceTree = "<group>";
		};
		414EEF551B3C5B1500F0A145 /* NISDateTests */ = {
			isa = PBXGroup;
			children = (
				414EEF581B3C5B1500F0A145 /* NISDateTests.swift */,
				414EEF561B3C5B1500F0A145 /* Supporting Files */,
			);
			path = NISDateTests;
			sourceTree = "<group>";
		};
		414EEF561B3C5B1500F0A145 /* Supporting Files */ = {
			isa = PBXGroup;
			children = (
				414EEF571B3C5B1500F0A145 /* Info.plist */,
			);
			name = "Supporting Files";
			sourceTree = "<group>";
		};
		414EEF621B3C5C2300F0A145 /* Views */ = {
			isa = PBXGroup;
			children = (
				414EEF631B3C5C5200F0A145 /* CardView.swift */,
			);
			name = Views;
			sourceTree = "<group>";
		};
/* End PBXGroup section */

/* Begin PBXNativeTarget section */
		414EEF391B3C5B1500F0A145 /* NISDate */ = {
			isa = PBXNativeTarget;
			buildConfigurationList = 414EEF5C1B3C5B1600F0A145 /* Build configuration list for PBXNativeTarget "NISDate" */;
			buildPhases = (
				414EEF361B3C5B1500F0A145 /* Sources */,
				414EEF371B3C5B1500F0A145 /* Frameworks */,
				414EEF381B3C5B1500F0A145 /* Resources */,
			);
			buildRules = (
			);
			dependencies = (
			);
			name = NISDate;
			productName = NISDate;
			productReference = 414EEF3A1B3C5B1500F0A145 /* NISDate.app */;
			productType = "com.apple.product-type.application";
		};
		414EEF511B3C5B1500F0A145 /* NISDateTests */ = {
			isa = PBXNativeTarget;
			buildConfigurationList = 414EEF5F1B3C5B1600F0A145 /* Build configuration list for PBXNativeTarget "NISDateTests" */;
			buildPhases = (
				414EEF4E1B3C5B1500F0A145 /* Sources */,
				414EEF4F1B3C5B1500F0A145 /* Frameworks */,
				414EEF501B3C5B1500F0A145 /* Resources */,
			);
			buildRules = (
			);
			dependencies = (
				414EEF541B3C5B1500F0A145 /* PBXTargetDependency */,
			);
			name = NISDateTests;
			productName = NISDateTests;
			productReference = 414EEF521B3C5B1500F0A145 /* NISDateTests.xctest */;
			productType = "com.apple.product-type.bundle.unit-test";
		};
/* End PBXNativeTarget section */

/* Begin PBXProject section */
		414EEF321B3C5B1500F0A145 /* Project object */ = {
			isa = PBXProject;
			attributes = {
				LastUpgradeCheck = 0630;
				ORGANIZATIONNAME = Nic;
				TargetAttributes = {
					414EEF391B3C5B1500F0A145 = {
						CreatedOnToolsVersion = 6.3.2;
					};
					414EEF511B3C5B1500F0A145 = {
						CreatedOnToolsVersion = 6.3.2;
						TestTargetID = 414EEF391B3C5B1500F0A145;
					};
				};
			};
			buildConfigurationList = 414EEF351B3C5B1500F0A145 /* Build configuration list for PBXProject "NISDate" */;
			compatibilityVersion = "Xcode 3.2";
			developmentRegion = English;
			hasScannedForEncodings = 0;
			knownRegions = (
				en,
				Base,
			);
			mainGroup = 414EEF311B3C5B1500F0A145;
			productRefGroup = 414EEF3B1B3C5B1500F0A145 /* Products */;
			projectDirPath = "";
			projectRoot = "";
			targets = (
				414EEF391B3C5B1500F0A145 /* NISDate */,
				414EEF511B3C5B1500F0A145 /* NISDateTests */,
			);
		};
/* End PBXProject section */

/* Begin PBXResourcesBuildPhase section */
		414EEF381B3C5B1500F0A145 /* Resources */ = {
			isa = PBXResourcesBuildPhase;
			buildActionMask = 2147483647;
			files = (
				414EEF481B3C5B1500F0A145 /* Main.storyboard in Resources */,
				414EEF4D1B3C5B1500F0A145 /* LaunchScreen.xib in Resources */,
				414EEF4A1B3C5B1500F0A145 /* Images.xcassets in Resources */,
			);
			runOnlyForDeploymentPostprocessing = 0;
		};
		414EEF501B3C5B1500F0A145 /* Resources */ = {
			isa = PBXResourcesBuildPhase;
			buildActionMask = 2147483647;
			files = (
			);
			runOnlyForDeploymentPostprocessing = 0;
		};
/* End PBXResourcesBuildPhase section */

/* Begin PBXSourcesBuildPhase section */
		414EEF361B3C5B1500F0A145 /* Sources */ = {
			isa = PBXSourcesBuildPhase;
			buildActionMask = 2147483647;
			files = (
				414EEF451B3C5B1500F0A145 /* ViewController.swift in Sources */,
				414EEF431B3C5B1500F0A145 /* NISDate.xcdatamodeld in Sources */,
				414EEF641B3C5C5200F0A145 /* CardView.swift in Sources */,
				414EEF401B3C5B1500F0A145 /* AppDelegate.swift in Sources */,
			);
			runOnlyForDeploymentPostprocessing = 0;
		};
		414EEF4E1B3C5B1500F0A145 /* Sources */ = {
			isa = PBXSourcesBuildPhase;
			buildActionMask = 2147483647;
			files = (
				414EEF591B3C5B1500F0A145 /* NISDateTests.swift in Sources */,
			);
			runOnlyForDeploymentPostprocessing = 0;
		};
/* End PBXSourcesBuildPhase section */

/* Begin PBXTargetDependency section */
		414EEF541B3C5B1500F0A145 /* PBXTargetDependency */ = {
			isa = PBXTargetDependency;
			target = 414EEF391B3C5B1500F0A145 /* NISDate */;
			targetProxy = 414EEF531B3C5B1500F0A145 /* PBXContainerItemProxy */;
		};
/* End PBXTargetDependency section */

/* Begin PBXVariantGroup section */
		414EEF461B3C5B1500F0A145 /* Main.storyboard */ = {
			isa = PBXVariantGroup;
			children = (
				414EEF471B3C5B1500F0A145 /* Base */,
			);
			name = Main.storyboard;
			sourceTree = "<group>";
		};
		414EEF4B1B3C5B1500F0A145 /* LaunchScreen.xib */ = {
			isa = PBXVariantGroup;
			children = (
				414EEF4C1B3C5B1500F0A145 /* Base */,
			);
			name = LaunchScreen.xib;
			sourceTree = "<group>";
		};
/* End PBXVariantGroup section */

/* Begin XCBuildConfiguration section */
		414EEF5A1B3C5B1600F0A145 /* Debug */ = {
			isa = XCBuildConfiguration;
			buildSettings = {
				ALWAYS_SEARCH_USER_PATHS = NO;
				CLANG_CXX_LANGUAGE_STANDARD = "gnu++0x";
				CLANG_CXX_LIBRARY = "libc++";
				CLANG_ENABLE_MODULES = YES;
				CLANG_ENABLE_OBJC_ARC = YES;
				CLANG_WARN_BOOL_CONVERSION = YES;
				CLANG_WARN_CONSTANT_CONVERSION = YES;
				CLANG_WARN_DIRECT_OBJC_ISA_USAGE = YES_ERROR;
				CLANG_WARN_EMPTY_BODY = YES;
				CLANG_WARN_ENUM_CONVERSION = YES;
				CLANG_WARN_INT_CONVERSION = YES;
				CLANG_WARN_OBJC_ROOT_CLASS = YES_ERROR;
				CLANG_WARN_UNREACHABLE_CODE = YES;
				CLANG_WARN__DUPLICATE_METHOD_MATCH = YES;
				"CODE_SIGN_IDENTITY[sdk=iphoneos*]" = "iPhone Developer";
				COPY_PHASE_STRIP = NO;
				DEBUG_INFORMATION_FORMAT = "dwarf-with-dsym";
				ENABLE_STRICT_OBJC_MSGSEND = YES;
				GCC_C_LANGUAGE_STANDARD = gnu99;
				GCC_DYNAMIC_NO_PIC = NO;
				GCC_NO_COMMON_BLOCKS = YES;
				GCC_OPTIMIZATION_LEVEL = 0;
				GCC_PREPROCESSOR_DEFINITIONS = (
					"DEBUG=1",
					"$(inherited)",
				);
				GCC_SYMBOLS_PRIVATE_EXTERN = NO;
				GCC_WARN_64_TO_32_BIT_CONVERSION = YES;
				GCC_WARN_ABOUT_RETURN_TYPE = YES_ERROR;
				GCC_WARN_UNDECLARED_SELECTOR = YES;
				GCC_WARN_UNINITIALIZED_AUTOS = YES_AGGRESSIVE;
				GCC_WARN_UNUSED_FUNCTION = YES;
				GCC_WARN_UNUSED_VARIABLE = YES;
				IPHONEOS_DEPLOYMENT_TARGET = 8.3;
				MTL_ENABLE_DEBUG_INFO = YES;
				ONLY_ACTIVE_ARCH = YES;
				SDKROOT = iphoneos;
				SWIFT_OPTIMIZATION_LEVEL = "-Onone";
				TARGETED_DEVICE_FAMILY = "1,2";
			};
			name = Debug;
		};
		414EEF5B1B3C5B1600F0A145 /* Release */ = {
			isa = XCBuildConfiguration;
			buildSettings = {
				ALWAYS_SEARCH_USER_PATHS = NO;
				CLANG_CXX_LANGUAGE_STANDARD = "gnu++0x";
				CLANG_CXX_LIBRARY = "libc++";
				CLANG_ENABLE_MODULES = YES;
				CLANG_ENABLE_OBJC_ARC = YES;
				CLANG_WARN_BOOL_CONVERSION = YES;
				CLANG_WARN_CONSTANT_CONVERSION = YES;
				CLANG_WARN_DIRECT_OBJC_ISA_USAGE = YES_ERROR;
				CLANG_WARN_EMPTY_BODY = YES;
				CLANG_WARN_ENUM_CONVERSION = YES;
				CLANG_WARN_INT_CONVERSION = YES;
				CLANG_WARN_OBJC_ROOT_CLASS = YES_ERROR;
				CLANG_WARN_UNREACHABLE_CODE = YES;
				CLANG_WARN__DUPLICATE_METHOD_MATCH = YES;
				"CODE_SIGN_IDENTITY[sdk=iphoneos*]" = "iPhone Developer";
				COPY_PHASE_STRIP = NO;
				DEBUG_INFORMATION_FORMAT = "dwarf-with-dsym";
				ENABLE_NS_ASSERTIONS = NO;
				ENABLE_STRICT_OBJC_MSGSEND = YES;
				GCC_C_LANGUAGE_STANDARD = gnu99;
				GCC_NO_COMMON_BLOCKS = YES;
				GCC_WARN_64_TO_32_BIT_CONVERSION = YES;
				GCC_WARN_ABOUT_RETURN_TYPE = YES_ERROR;
				GCC_WARN_UNDECLARED_SELECTOR = YES;
				GCC_WARN_UNINITIALIZED_AUTOS = YES_AGGRESSIVE;
				GCC_WARN_UNUSED_FUNCTION = YES;
				GCC_WARN_UNUSED_VARIABLE = YES;
				IPHONEOS_DEPLOYMENT_TARGET = 8.3;
				MTL_ENABLE_DEBUG_INFO = NO;
				SDKROOT = iphoneos;
				TARGETED_DEVICE_FAMILY = "1,2";
				VALIDATE_PRODUCT = YES;
			};
			name = Release;
		};
		414EEF5D1B3C5B1600F0A145 /* Debug */ = {
			isa = XCBuildConfiguration;
			buildSettings = {
				ASSETCATALOG_COMPILER_APPICON_NAME = AppIcon;
				INFOPLIST_FILE = NISDate/Info.plist;
				LD_RUNPATH_SEARCH_PATHS = "$(inherited) @executable_path/Frameworks";
				PRODUCT_NAME = "$(TARGET_NAME)";
			};
			name = Debug;
		};
		414EEF5E1B3C5B1600F0A145 /* Release */ = {
			isa = XCBuildConfiguration;
			buildSettings = {
				ASSETCATALOG_COMPILER_APPICON_NAME = AppIcon;
				INFOPLIST_FILE = NISDate/Info.plist;
				LD_RUNPATH_SEARCH_PATHS = "$(inherited) @executable_path/Frameworks";
				PRODUCT_NAME = "$(TARGET_NAME)";
			};
			name = Release;
		};
		414EEF601B3C5B1600F0A145 /* Debug */ = {
			isa = XCBuildConfiguration;
			buildSettings = {
				BUNDLE_LOADER = "$(TEST_HOST)";
				FRAMEWORK_SEARCH_PATHS = (
					"$(SDKROOT)/Developer/Library/Frameworks",
					"$(inherited)",
				);
				GCC_PREPROCESSOR_DEFINITIONS = (
					"DEBUG=1",
					"$(inherited)",
				);
				INFOPLIST_FILE = NISDateTests/Info.plist;
				LD_RUNPATH_SEARCH_PATHS = "$(inherited) @executable_path/Frameworks @loader_path/Frameworks";
				PRODUCT_NAME = "$(TARGET_NAME)";
				TEST_HOST = "$(BUILT_PRODUCTS_DIR)/NISDate.app/NISDate";
			};
			name = Debug;
		};
		414EEF611B3C5B1600F0A145 /* Release */ = {
			isa = XCBuildConfiguration;
			buildSettings = {
				BUNDLE_LOADER = "$(TEST_HOST)";
				FRAMEWORK_SEARCH_PATHS = (
					"$(SDKROOT)/Developer/Library/Frameworks",
					"$(inherited)",
				);
				INFOPLIST_FILE = NISDateTests/Info.plist;
				LD_RUNPATH_SEARCH_PATHS = "$(inherited) @executable_path/Frameworks @loader_path/Frameworks";
				PRODUCT_NAME = "$(TARGET_NAME)";
				TEST_HOST = "$(BUILT_PRODUCTS_DIR)/NISDate.app/NISDate";
			};
			name = Release;
		};
/* End XCBuildConfiguration section */

/* Begin XCConfigurationList section */
		414EEF351B3C5B1500F0A145 /* Build configuration list for PBXProject "NISDate" */ = {
			isa = XCConfigurationList;
			buildConfigurations = (
				414EEF5A1B3C5B1600F0A145 /* Debug */,
				414EEF5B1B3C5B1600F0A145 /* Release */,
			);
			defaultConfigurationIsVisible = 0;
			defaultConfigurationName = Release;
		};
		414EEF5C1B3C5B1600F0A145 /* Build configuration list for PBXNativeTarget "NISDate" */ = {
			isa = XCConfigurationList;
			buildConfigurations = (
				414EEF5D1B3C5B1600F0A145 /* Debug */,
				414EEF5E1B3C5B1600F0A145 /* Release */,
			);
			defaultConfigurationIsVisible = 0;
		};
		414EEF5F1B3C5B1600F0A145 /* Build configuration list for PBXNativeTarget "NISDateTests" */ = {
			isa = XCConfigurationList;
			buildConfigurations = (
				414EEF601B3C5B1600F0A145 /* Debug */,
				414EEF611B3C5B1600F0A145 /* Release */,
			);
			defaultConfigurationIsVisible = 0;
		};
/* End XCConfigurationList section */

/* Begin XCVersionGroup section */
		414EEF411B3C5B1500F0A145 /* NISDate.xcdatamodeld */ = {
			isa = XCVersionGroup;
			children = (
				414EEF421B3C5B1500F0A145 /* NISDate.xcdatamodel */,
			);
			currentVersion = 414EEF421B3C5B1500F0A145 /* NISDate.xcdatamodel */;
			path = NISDate.xcdatamodeld;
			sourceTree = "<group>";
			versionGroupType = wrapper.xcdatamodel;
		};
/* End XCVersionGroup section */
	};
	rootObject = 414EEF321B3C5B1500F0A145 /* Project object */;
}
